
Microsoft Visual Studio Solution File, Format Version 12.00
# Visual Studio Version 16
VisualStudioVersion = 16.0.33927.289
MinimumVisualStudioVersion = 10.0.40219.1
Project("{2150E333-8FDC-42A3-9474-1A3956D46DE8}") = "Task0", "Task0", "{EC0AA29F-0091-4DDE-921B-CC0AF628C20F}"
EndProject
Project("{FAE04EC0-301F-11D3-BF4B-00C04F79EFBC}") = "Tyuiu.DanilovAS.Sprint4.Task0.V16", "Tyuiu.DanilovAS.Sprint4.Task0.V16\Tyuiu.DanilovAS.Sprint4.Task0.V16.csproj", "{320FAB7B-795C-4422-8A78-8D4ED752B0A1}"
EndProject
Project("{FAE04EC0-301F-11D3-BF4B-00C04F79EFBC}") = "Tyuiu.DanilovAS.Sprint4.Task0.V16.Lib", "Tyuiu.DanilovAS.Sprint4.Task0.V16.Lib\Tyuiu.DanilovAS.Sprint4.Task0.V16.Lib.csproj", "{6C388533-3E85-49EB-8E7F-19CC61B941BB}"
EndProject
Project("{FAE04EC0-301F-11D3-BF4B-00C04F79EFBC}") = "Tyuiu.DanilovAS.Sprint4.Task0.V16.Test", "Tyuiu.DanilovAS.Sprint4.Task0.V16.Test\Tyuiu.DanilovAS.Sprint4.Task0.V16.Test.csproj", "{11EB2CD7-2F30-4205-B38F-FCF46E76693B}"
EndProject
Project("{2150E333-8FDC-42A3-9474-1A3956D46DE8}") = "Task1", "Task1", "{C35D0E23-EA98-4CF6-A6C4-316ED689D179}"
EndProject
Project("{FAE04EC0-301F-11D3-BF4B-00C04F79EFBC}") = "Tyuiu.DanilovAS.Sprint4.Task1.V10", "Tyuiu.DanilovAS.Sprint4.Task1.V10\Tyuiu.DanilovAS.Sprint4.Task1.V10.csproj", "{51FCD6F9-6436-4B65-BB1A-F9971050C5B9}"
EndProject
Project("{FAE04EC0-301F-11D3-BF4B-00C04F79EFBC}") = "Tyuiu.DanilovAS.Sprint4.Task1.V10.Lib", "Tyuiu.DanilovAS.Sprint4.Task1.V10.Lib\Tyuiu.DanilovAS.Sprint4.Task1.V10.Lib.csproj", "{30CF5A8C-9116-409E-A884-DFF760896F95}"
EndProject
Project("{FAE04EC0-301F-11D3-BF4B-00C04F79EFBC}") = "Tyuiu.DanilovAS.Sprint4.Task1.V10.Test", "Tyuiu.DanilovAS.Sprint4.Task1.V10.Test\Tyuiu.DanilovAS.Sprint4.Task1.V10.Test.csproj", "{B17EC3D4-819A-4B98-A94A-835D3829D879}"
EndProject
Project("{2150E333-8FDC-42A3-9474-1A3956D46DE8}") = "Task2", "Task2", "{AAE42463-BBA5-4416-A15C-870320851E2F}"
EndProject
Project("{FAE04EC0-301F-11D3-BF4B-00C04F79EFBC}") = "Tyuiu.DanilovAS.Sprint4.Task2.V22", "Tyuiu.DanilovAS.Sprint4.Task2.V22\Tyuiu.DanilovAS.Sprint4.Task2.V22.csproj", "{68CE24CE-6428-4989-96F0-4ED5A5E1CF4E}"
EndProject
Project("{FAE04EC0-301F-11D3-BF4B-00C04F79EFBC}") = "Tyuiu.DanilovAS.Sprint4.Task2.V22.Lib", "Tyuiu.DanilovAS.Sprint4.Task2.V22.Lib\Tyuiu.DanilovAS.Sprint4.Task2.V22.Lib.csproj", "{2D3D0DEE-B5C1-4847-8311-770B55959965}"
EndProject
Project("{FAE04EC0-301F-11D3-BF4B-00C04F79EFBC}") = "Tyuiu.DanilovAS.Sprint4.Task2.V22.Test", "Tyuiu.DanilovAS.Sprint4.Task2.V22.Test\Tyuiu.DanilovAS.Sprint4.Task2.V22.Test.csproj", "{6D23B852-C92B-4AD5-AB0F-C8090B3D5EEC}"
EndProject
Project("{2150E333-8FDC-42A3-9474-1A3956D46DE8}") = "Task3", "Task3", "{3CCC6982-EB77-40C0-AC70-2094BC782D39}"
EndProject
Project("{FAE04EC0-301F-11D3-BF4B-00C04F79EFBC}") = "Tyuiu.DanilovAS.Sprint4.Task3.V2", "Tyuiu.DanilovAS.Sprint4.Task3.V2\Tyuiu.DanilovAS.Sprint4.Task3.V2.csproj", "{CBBCCB66-BCDC-44D4-8455-0115B49FCF0A}"
EndProject
Project("{FAE04EC0-301F-11D3-BF4B-00C04F79EFBC}") = "Tyuiu.DanilovAS.Sprint4.Task3.V2.Lib", "Tyuiu.DanilovAS.Sprint4.Task3.V2.Lib\Tyuiu.DanilovAS.Sprint4.Task3.V2.Lib.csproj", "{8AE12263-DE67-4892-A91A-E63492C8B8D7}"
EndProject
Project("{FAE04EC0-301F-11D3-BF4B-00C04F79EFBC}") = "Tyuiu.DanilovAS.Sprint4.Task3.V2.Test", "Tyuiu.DanilovAS.Sprint4.Task3.V2.Test\Tyuiu.DanilovAS.Sprint4.Task3.V2.Test.csproj", "{63135907-1377-4553-B50B-C01FFA09F342}"
EndProject
Global
	GlobalSection(SolutionConfigurationPlatforms) = preSolution
		Debug|Any CPU = Debug|Any CPU
		Release|Any CPU = Release|Any CPU
	EndGlobalSection
	GlobalSection(ProjectConfigurationPlatforms) = postSolution
		{320FAB7B-795C-4422-8A78-8D4ED752B0A1}.Debug|Any CPU.ActiveCfg = Debug|Any CPU
		{320FAB7B-795C-4422-8A78-8D4ED752B0A1}.Debug|Any CPU.Build.0 = Debug|Any CPU
		{320FAB7B-795C-4422-8A78-8D4ED752B0A1}.Release|Any CPU.ActiveCfg = Release|Any CPU
		{320FAB7B-795C-4422-8A78-8D4ED752B0A1}.Release|Any CPU.Build.0 = Release|Any CPU
		{6C388533-3E85-49EB-8E7F-19CC61B941BB}.Debug|Any CPU.ActiveCfg = Debug|Any CPU
		{6C388533-3E85-49EB-8E7F-19CC61B941BB}.Debug|Any CPU.Build.0 = Debug|Any CPU
		{6C388533-3E85-49EB-8E7F-19CC61B941BB}.Release|Any CPU.ActiveCfg = Release|Any CPU
		{6C388533-3E85-49EB-8E7F-19CC61B941BB}.Release|Any CPU.Build.0 = Release|Any CPU
		{11EB2CD7-2F30-4205-B38F-FCF46E76693B}.Debug|Any CPU.ActiveCfg = Debug|Any CPU
		{11EB2CD7-2F30-4205-B38F-FCF46E76693B}.Debug|Any CPU.Build.0 = Debug|Any CPU
		{11EB2CD7-2F30-4205-B38F-FCF46E76693B}.Release|Any CPU.ActiveCfg = Release|Any CPU
		{11EB2CD7-2F30-4205-B38F-FCF46E76693B}.Release|Any CPU.Build.0 = Release|Any CPU
		{51FCD6F9-6436-4B65-BB1A-F9971050C5B9}.Debug|Any CPU.ActiveCfg = Debug|Any CPU
		{51FCD6F9-6436-4B65-BB1A-F9971050C5B9}.Debug|Any CPU.Build.0 = Debug|Any CPU
		{51FCD6F9-6436-4B65-BB1A-F9971050C5B9}.Release|Any CPU.ActiveCfg = Release|Any CPU
		{51FCD6F9-6436-4B65-BB1A-F9971050C5B9}.Release|Any CPU.Build.0 = Release|Any CPU
		{30CF5A8C-9116-409E-A884-DFF760896F95}.Debug|Any CPU.ActiveCfg = Debug|Any CPU
		{30CF5A8C-9116-409E-A884-DFF760896F95}.Debug|Any CPU.Build.0 = Debug|Any CPU
		{30CF5A8C-9116-409E-A884-DFF760896F95}.Release|Any CPU.ActiveCfg = Release|Any CPU
		{30CF5A8C-9116-409E-A884-DFF760896F95}.Release|Any CPU.Build.0 = Release|Any CPU
		{B17EC3D4-819A-4B98-A94A-835D3829D879}.Debug|Any CPU.ActiveCfg = Debug|Any CPU
		{B17EC3D4-819A-4B98-A94A-835D3829D879}.Debug|Any CPU.Build.0 = Debug|Any CPU
		{B17EC3D4-819A-4B98-A94A-835D3829D879}.Release|Any CPU.ActiveCfg = Release|Any CPU
		{B17EC3D4-819A-4B98-A94A-835D3829D879}.Release|Any CPU.Build.0 = Release|Any CPU
		{68CE24CE-6428-4989-96F0-4ED5A5E1CF4E}.Debug|Any CPU.ActiveCfg = Debug|Any CPU
		{68CE24CE-6428-4989-96F0-4ED5A5E1CF4E}.Debug|Any CPU.Build.0 = Debug|Any CPU
		{68CE24CE-6428-4989-96F0-4ED5A5E1CF4E}.Release|Any CPU.ActiveCfg = Release|Any CPU
		{68CE24CE-6428-4989-96F0-4ED5A5E1CF4E}.Release|Any CPU.Build.0 = Release|Any CPU
		{2D3D0DEE-B5C1-4847-8311-770B55959965}.Debug|Any CPU.ActiveCfg = Debug|Any CPU
		{2D3D0DEE-B5C1-4847-8311-770B55959965}.Debug|Any CPU.Build.0 = Debug|Any CPU
		{2D3D0DEE-B5C1-4847-8311-770B55959965}.Release|Any CPU.ActiveCfg = Release|Any CPU
		{2D3D0DEE-B5C1-4847-8311-770B55959965}.Release|Any CPU.Build.0 = Release|Any CPU
		{6D23B852-C92B-4AD5-AB0F-C8090B3D5EEC}.Debug|Any CPU.ActiveCfg = Debug|Any CPU
		{6D23B852-C92B-4AD5-AB0F-C8090B3D5EEC}.Debug|Any CPU.Build.0 = Debug|Any CPU
		{6D23B852-C92B-4AD5-AB0F-C8090B3D5EEC}.Release|Any CPU.ActiveCfg = Release|Any CPU
		{6D23B852-C92B-4AD5-AB0F-C8090B3D5EEC}.Release|Any CPU.Build.0 = Release|Any CPU
		{CBBCCB66-BCDC-44D4-8455-0115B49FCF0A}.Debug|Any CPU.ActiveCfg = Debug|Any CPU
		{CBBCCB66-BCDC-44D4-8455-0115B49FCF0A}.Debug|Any CPU.Build.0 = Debug|Any CPU
		{CBBCCB66-BCDC-44D4-8455-0115B49FCF0A}.Release|Any CPU.ActiveCfg = Release|Any CPU
		{CBBCCB66-BCDC-44D4-8455-0115B49FCF0A}.Release|Any CPU.Build.0 = Release|Any CPU
		{8AE12263-DE67-4892-A91A-E63492C8B8D7}.Debug|Any CPU.ActiveCfg = Debug|Any CPU
		{8AE12263-DE67-4892-A91A-E63492C8B8D7}.Debug|Any CPU.Build.0 = Debug|Any CPU
		{8AE12263-DE67-4892-A91A-E63492C8B8D7}.Release|Any CPU.ActiveCfg = Release|Any CPU
		{8AE12263-DE67-4892-A91A-E63492C8B8D7}.Release|Any CPU.Build.0 = Release|Any CPU
		{63135907-1377-4553-B50B-C01FFA09F342}.Debug|Any CPU.ActiveCfg = Debug|Any CPU
		{63135907-1377-4553-B50B-C01FFA09F342}.Debug|Any CPU.Build.0 = Debug|Any CPU
		{63135907-1377-4553-B50B-C01FFA09F342}.Release|Any CPU.ActiveCfg = Release|Any CPU
		{63135907-1377-4553-B50B-C01FFA09F342}.Release|Any CPU.Build.0 = Release|Any CPU
	EndGlobalSection
	GlobalSection(SolutionProperties) = preSolution
		HideSolutionNode = FALSE
	EndGlobalSection
	GlobalSection(NestedProjects) = preSolution
		{320FAB7B-795C-4422-8A78-8D4ED752B0A1} = {EC0AA29F-0091-4DDE-921B-CC0AF628C20F}
		{6C388533-3E85-49EB-8E7F-19CC61B941BB} = {EC0AA29F-0091-4DDE-921B-CC0AF628C20F}
		{11EB2CD7-2F30-4205-B38F-FCF46E76693B} = {EC0AA29F-0091-4DDE-921B-CC0AF628C20F}
		{51FCD6F9-6436-4B65-BB1A-F9971050C5B9} = {C35D0E23-EA98-4CF6-A6C4-316ED689D179}
		{30CF5A8C-9116-409E-A884-DFF760896F95} = {C35D0E23-EA98-4CF6-A6C4-316ED689D179}
		{B17EC3D4-819A-4B98-A94A-835D3829D879} = {C35D0E23-EA98-4CF6-A6C4-316ED689D179}
		{68CE24CE-6428-4989-96F0-4ED5A5E1CF4E} = {AAE42463-BBA5-4416-A15C-870320851E2F}
		{2D3D0DEE-B5C1-4847-8311-770B55959965} = {AAE42463-BBA5-4416-A15C-870320851E2F}
		{6D23B852-C92B-4AD5-AB0F-C8090B3D5EEC} = {AAE42463-BBA5-4416-A15C-870320851E2F}
		{CBBCCB66-BCDC-44D4-8455-0115B49FCF0A} = {3CCC6982-EB77-40C0-AC70-2094BC782D39}
		{8AE12263-DE67-4892-A91A-E63492C8B8D7} = {3CCC6982-EB77-40C0-AC70-2094BC782D39}
		{63135907-1377-4553-B50B-C01FFA09F342} = {3CCC6982-EB77-40C0-AC70-2094BC782D39}
	EndGlobalSection
	GlobalSection(ExtensibilityGlobals) = postSolution
		SolutionGuid = {9901D282-F428-4595-BE76-BD578BCF59ED}
	EndGlobalSection
EndGlobal
